// !$*UTF8*$!
{
	archiveVersion = 1;
	classes = {
	};
	objectVersion = 56;
	objects = {

/* Begin PBXBuildFile section */
		A71FA7AB28E85D8800DE27A3 /* Summer_iOSApp.swift in Sources */ = {isa = PBXBuildFile; fileRef = A71FA7AA28E85D8800DE27A3 /* Summer_iOSApp.swift */; };
		A71FA7AF28E85D8900DE27A3 /* Assets.xcassets in Resources */ = {isa = PBXBuildFile; fileRef = A71FA7AE28E85D8900DE27A3 /* Assets.xcassets */; };
		A71FA7B228E85D8900DE27A3 /* Preview Assets.xcassets in Resources */ = {isa = PBXBuildFile; fileRef = A71FA7B128E85D8900DE27A3 /* Preview Assets.xcassets */; };
		A759DBB928E85E8F0021B13A /* UserDefaultsManager.swift in Sources */ = {isa = PBXBuildFile; fileRef = A759DBA928E85E8F0021B13A /* UserDefaultsManager.swift */; };
		A759DBBA28E85E8F0021B13A /* EditAlbumNameView.swift in Sources */ = {isa = PBXBuildFile; fileRef = A759DBAD28E85E8F0021B13A /* EditAlbumNameView.swift */; };
		A759DBBB28E85E8F0021B13A /* EditAlbumCoverView.swift in Sources */ = {isa = PBXBuildFile; fileRef = A759DBAF28E85E8F0021B13A /* EditAlbumCoverView.swift */; };
		A759DBBC28E85E8F0021B13A /* CustomImageButton.swift in Sources */ = {isa = PBXBuildFile; fileRef = A759DBB128E85E8F0021B13A /* CustomImageButton.swift */; };
		A759DBBD28E85E8F0021B13A /* ImagePicker.swift in Sources */ = {isa = PBXBuildFile; fileRef = A759DBB228E85E8F0021B13A /* ImagePicker.swift */; };
		A759DBBE28E85E8F0021B13A /* AlbumCoverView.swift in Sources */ = {isa = PBXBuildFile; fileRef = A759DBB328E85E8F0021B13A /* AlbumCoverView.swift */; };
		A759DBBF28E85E8F0021B13A /* ColorExtension+.swift in Sources */ = {isa = PBXBuildFile; fileRef = A759DBB628E85E8F0021B13A /* ColorExtension+.swift */; };
		A759DBC028E85E8F0021B13A /* KeybaordHelper.swift in Sources */ = {isa = PBXBuildFile; fileRef = A759DBB728E85E8F0021B13A /* KeybaordHelper.swift */; };
		A759DBC528E868110021B13A /* AlbumCollectionView.swift in Sources */ = {isa = PBXBuildFile; fileRef = A759DBC428E868110021B13A /* AlbumCollectionView.swift */; };
/* End PBXBuildFile section */

/* Begin PBXFileReference section */
		A71FA7A728E85D8800DE27A3 /* Summer-iOS.app */ = {isa = PBXFileReference; explicitFileType = wrapper.application; includeInIndex = 0; path = "Summer-iOS.app"; sourceTree = BUILT_PRODUCTS_DIR; };
		A71FA7AA28E85D8800DE27A3 /* Summer_iOSApp.swift */ = {isa = PBXFileReference; lastKnownFileType = sourcecode.swift; path = Summer_iOSApp.swift; sourceTree = "<group>"; };
		A71FA7AE28E85D8900DE27A3 /* Assets.xcassets */ = {isa = PBXFileReference; lastKnownFileType = folder.assetcatalog; path = Assets.xcassets; sourceTree = "<group>"; };
		A71FA7B128E85D8900DE27A3 /* Preview Assets.xcassets */ = {isa = PBXFileReference; lastKnownFileType = folder.assetcatalog; path = "Preview Assets.xcassets"; sourceTree = "<group>"; };
		A759DBA928E85E8F0021B13A /* UserDefaultsManager.swift */ = {isa = PBXFileReference; fileEncoding = 4; lastKnownFileType = sourcecode.swift; path = UserDefaultsManager.swift; sourceTree = "<group>"; };
		A759DBAD28E85E8F0021B13A /* EditAlbumNameView.swift */ = {isa = PBXFileReference; fileEncoding = 4; lastKnownFileType = sourcecode.swift; path = EditAlbumNameView.swift; sourceTree = "<group>"; };
		A759DBAF28E85E8F0021B13A /* EditAlbumCoverView.swift */ = {isa = PBXFileReference; fileEncoding = 4; lastKnownFileType = sourcecode.swift; path = EditAlbumCoverView.swift; sourceTree = "<group>"; };
		A759DBB128E85E8F0021B13A /* CustomImageButton.swift */ = {isa = PBXFileReference; fileEncoding = 4; lastKnownFileType = sourcecode.swift; path = CustomImageButton.swift; sourceTree = "<group>"; };
		A759DBB228E85E8F0021B13A /* ImagePicker.swift */ = {isa = PBXFileReference; fileEncoding = 4; lastKnownFileType = sourcecode.swift; path = ImagePicker.swift; sourceTree = "<group>"; };
		A759DBB328E85E8F0021B13A /* AlbumCoverView.swift */ = {isa = PBXFileReference; fileEncoding = 4; lastKnownFileType = sourcecode.swift; path = AlbumCoverView.swift; sourceTree = "<group>"; };
		A759DBB628E85E8F0021B13A /* ColorExtension+.swift */ = {isa = PBXFileReference; fileEncoding = 4; lastKnownFileType = sourcecode.swift; path = "ColorExtension+.swift"; sourceTree = "<group>"; };
		A759DBB728E85E8F0021B13A /* KeybaordHelper.swift */ = {isa = PBXFileReference; fileEncoding = 4; lastKnownFileType = sourcecode.swift; path = KeybaordHelper.swift; sourceTree = "<group>"; };
		A759DBC428E868110021B13A /* AlbumCollectionView.swift */ = {isa = PBXFileReference; lastKnownFileType = sourcecode.swift; path = AlbumCollectionView.swift; sourceTree = "<group>"; };
/* End PBXFileReference section */

/* Begin PBXFrameworksBuildPhase section */
		A71FA7A428E85D8800DE27A3 /* Frameworks */ = {
			isa = PBXFrameworksBuildPhase;
			buildActionMask = 2147483647;
			files = (
			);
			runOnlyForDeploymentPostprocessing = 0;
		};
/* End PBXFrameworksBuildPhase section */

/* Begin PBXGroup section */
		A71FA79E28E85D8800DE27A3 = {
			isa = PBXGroup;
			children = (
				A71FA7A928E85D8800DE27A3 /* Summer-iOS */,
				A71FA7A828E85D8800DE27A3 /* Products */,
			);
			sourceTree = "<group>";
		};
		A71FA7A828E85D8800DE27A3 /* Products */ = {
			isa = PBXGroup;
			children = (
				A71FA7A728E85D8800DE27A3 /* Summer-iOS.app */,
			);
			name = Products;
			sourceTree = "<group>";
		};
		A71FA7A928E85D8800DE27A3 /* Summer-iOS */ = {
			isa = PBXGroup;
			children = (
				A759DBC128E85EAB0021B13A /* Resources */,
				A759DBA628E85E8F0021B13A /* Sources */,
				A71FA7B028E85D8900DE27A3 /* Preview Content */,
			);
			path = "Summer-iOS";
			sourceTree = "<group>";
		};
		A71FA7B028E85D8900DE27A3 /* Preview Content */ = {
			isa = PBXGroup;
			children = (
				A71FA7B128E85D8900DE27A3 /* Preview Assets.xcassets */,
			);
			path = "Preview Content";
			sourceTree = "<group>";
		};
		A759DBA628E85E8F0021B13A /* Sources */ = {
			isa = PBXGroup;
			children = (
				A71FA7AA28E85D8800DE27A3 /* Summer_iOSApp.swift */,
				A759DBA828E85E8F0021B13A /* UserDefaults */,
				A759DBAA28E85E8F0021B13A /* View */,
				A759DBB428E85E8F0021B13A /* Helper */,
			);
			path = Sources;
			sourceTree = "<group>";
		};
		A759DBA828E85E8F0021B13A /* UserDefaults */ = {
			isa = PBXGroup;
			children = (
				A759DBA928E85E8F0021B13A /* UserDefaultsManager.swift */,
			);
			path = UserDefaults;
			sourceTree = "<group>";
		};
		A759DBAA28E85E8F0021B13A /* View */ = {
			isa = PBXGroup;
			children = (
				A759DBC328E868010021B13A /* AlbumCollectionView */,
				A759DBC228E867F80021B13A /* AlbumCoverView */,
				A759DBAB28E85E8F0021B13A /* InitialAlbumSetup */,
				A759DBAC28E85E8F0021B13A /* EditAlbumName */,
				A759DBAE28E85E8F0021B13A /* EditAlbumCover */,
				A759DBB028E85E8F0021B13A /* Common */,
			);
			path = View;
			sourceTree = "<group>";
		};
		A759DBAB28E85E8F0021B13A /* InitialAlbumSetup */ = {
			isa = PBXGroup;
			children = (
			);
			path = InitialAlbumSetup;
			sourceTree = "<group>";
		};
		A759DBAC28E85E8F0021B13A /* EditAlbumName */ = {
			isa = PBXGroup;
			children = (
				A759DBAD28E85E8F0021B13A /* EditAlbumNameView.swift */,
			);
			path = EditAlbumName;
			sourceTree = "<group>";
		};
		A759DBAE28E85E8F0021B13A /* EditAlbumCover */ = {
			isa = PBXGroup;
			children = (
				A759DBAF28E85E8F0021B13A /* EditAlbumCoverView.swift */,
			);
			path = EditAlbumCover;
			sourceTree = "<group>";
		};
		A759DBB028E85E8F0021B13A /* Common */ = {
			isa = PBXGroup;
			children = (
				A759DBB128E85E8F0021B13A /* CustomImageButton.swift */,
				A759DBB228E85E8F0021B13A /* ImagePicker.swift */,
			);
			path = Common;
			sourceTree = "<group>";
		};
		A759DBB428E85E8F0021B13A /* Helper */ = {
			isa = PBXGroup;
			children = (
				A759DBB528E85E8F0021B13A /* Extension */,
			);
			path = Helper;
			sourceTree = "<group>";
		};
		A759DBB528E85E8F0021B13A /* Extension */ = {
			isa = PBXGroup;
			children = (
				A759DBB628E85E8F0021B13A /* ColorExtension+.swift */,
				A759DBB728E85E8F0021B13A /* KeybaordHelper.swift */,
			);
			path = Extension;
			sourceTree = "<group>";
		};
		A759DBC128E85EAB0021B13A /* Resources */ = {
			isa = PBXGroup;
			children = (
				A71FA7AE28E85D8900DE27A3 /* Assets.xcassets */,
			);
			path = Resources;
			sourceTree = "<group>";
		};
		A759DBC228E867F80021B13A /* AlbumCoverView */ = {
			isa = PBXGroup;
			children = (
				A759DBB328E85E8F0021B13A /* AlbumCoverView.swift */,
			);
			path = AlbumCoverView;
			sourceTree = "<group>";
		};
		A759DBC328E868010021B13A /* AlbumCollectionView */ = {
			isa = PBXGroup;
			children = (
				A759DBC428E868110021B13A /* AlbumCollectionView.swift */,
			);
			path = AlbumCollectionView;
			sourceTree = "<group>";
		};
/* End PBXGroup section */

/* Begin PBXNativeTarget section */
		A71FA7A628E85D8800DE27A3 /* Summer-iOS */ = {
			isa = PBXNativeTarget;
			buildConfigurationList = A71FA7B528E85D8900DE27A3 /* Build configuration list for PBXNativeTarget "Summer-iOS" */;
			buildPhases = (
				A71FA7A328E85D8800DE27A3 /* Sources */,
				A71FA7A428E85D8800DE27A3 /* Frameworks */,
				A71FA7A528E85D8800DE27A3 /* Resources */,
			);
			buildRules = (
			);
			dependencies = (
			);
			name = "Summer-iOS";
			productName = "Summer-iOS";
			productReference = A71FA7A728E85D8800DE27A3 /* Summer-iOS.app */;
			productType = "com.apple.product-type.application";
		};
/* End PBXNativeTarget section */

/* Begin PBXProject section */
		A71FA79F28E85D8800DE27A3 /* Project object */ = {
			isa = PBXProject;
			attributes = {
				BuildIndependentTargetsInParallel = 1;
				LastSwiftUpdateCheck = 1400;
				LastUpgradeCheck = 1400;
				TargetAttributes = {
					A71FA7A628E85D8800DE27A3 = {
						CreatedOnToolsVersion = 14.0;
					};
				};
			};
			buildConfigurationList = A71FA7A228E85D8800DE27A3 /* Build configuration list for PBXProject "Summer-iOS" */;
			compatibilityVersion = "Xcode 14.0";
			developmentRegion = en;
			hasScannedForEncodings = 0;
			knownRegions = (
				en,
				Base,
			);
			mainGroup = A71FA79E28E85D8800DE27A3;
			productRefGroup = A71FA7A828E85D8800DE27A3 /* Products */;
			projectDirPath = "";
			projectRoot = "";
			targets = (
				A71FA7A628E85D8800DE27A3 /* Summer-iOS */,
			);
		};
/* End PBXProject section */

/* Begin PBXResourcesBuildPhase section */
		A71FA7A528E85D8800DE27A3 /* Resources */ = {
			isa = PBXResourcesBuildPhase;
			buildActionMask = 2147483647;
			files = (
				A71FA7B228E85D8900DE27A3 /* Preview Assets.xcassets in Resources */,
				A71FA7AF28E85D8900DE27A3 /* Assets.xcassets in Resources */,
			);
			runOnlyForDeploymentPostprocessing = 0;
		};
/* End PBXResourcesBuildPhase section */

/* Begin PBXSourcesBuildPhase section */
		A71FA7A328E85D8800DE27A3 /* Sources */ = {
			isa = PBXSourcesBuildPhase;
			buildActionMask = 2147483647;
			files = (
				A759DBBB28E85E8F0021B13A /* EditAlbumCoverView.swift in Sources */,
				A759DBBA28E85E8F0021B13A /* EditAlbumNameView.swift in Sources */,
				A759DBC028E85E8F0021B13A /* KeybaordHelper.swift in Sources */,
				A759DBB928E85E8F0021B13A /* UserDefaultsManager.swift in Sources */,
				A759DBBE28E85E8F0021B13A /* AlbumCoverView.swift in Sources */,
				A759DBBD28E85E8F0021B13A /* ImagePicker.swift in Sources */,
				A759DBBF28E85E8F0021B13A /* ColorExtension+.swift in Sources */,
				A759DBBC28E85E8F0021B13A /* CustomImageButton.swift in Sources */,
				A759DBC528E868110021B13A /* AlbumCollectionView.swift in Sources */,
				A71FA7AB28E85D8800DE27A3 /* Summer_iOSApp.swift in Sources */,
			);
			runOnlyForDeploymentPostprocessing = 0;
		};
/* End PBXSourcesBuildPhase section */

/* Begin XCBuildConfiguration section */
		A71FA7B328E85D8900DE27A3 /* Debug */ = {
			isa = XCBuildConfiguration;
			buildSettings = {
				ALWAYS_SEARCH_USER_PATHS = NO;
				CLANG_ANALYZER_NONNULL = YES;
				CLANG_ANALYZER_NUMBER_OBJECT_CONVERSION = YES_AGGRESSIVE;
				CLANG_CXX_LANGUAGE_STANDARD = "gnu++20";
				CLANG_ENABLE_MODULES = YES;
				CLANG_ENABLE_OBJC_ARC = YES;
				CLANG_ENABLE_OBJC_WEAK = YES;
				CLANG_WARN_BLOCK_CAPTURE_AUTORELEASING = YES;
				CLANG_WARN_BOOL_CONVERSION = YES;
				CLANG_WARN_COMMA = YES;
				CLANG_WARN_CONSTANT_CONVERSION = YES;
				CLANG_WARN_DEPRECATED_OBJC_IMPLEMENTATIONS = YES;
				CLANG_WARN_DIRECT_OBJC_ISA_USAGE = YES_ERROR;
				CLANG_WARN_DOCUMENTATION_COMMENTS = YES;
				CLANG_WARN_EMPTY_BODY = YES;
				CLANG_WARN_ENUM_CONVERSION = YES;
				CLANG_WARN_INFINITE_RECURSION = YES;
				CLANG_WARN_INT_CONVERSION = YES;
				CLANG_WARN_NON_LITERAL_NULL_CONVERSION = YES;
				CLANG_WARN_OBJC_IMPLICIT_RETAIN_SELF = YES;
				CLANG_WARN_OBJC_LITERAL_CONVERSION = YES;
				CLANG_WARN_OBJC_ROOT_CLASS = YES_ERROR;
				CLANG_WARN_QUOTED_INCLUDE_IN_FRAMEWORK_HEADER = YES;
				CLANG_WARN_RANGE_LOOP_ANALYSIS = YES;
				CLANG_WARN_STRICT_PROTOTYPES = YES;
				CLANG_WARN_SUSPICIOUS_MOVE = YES;
				CLANG_WARN_UNGUARDED_AVAILABILITY = YES_AGGRESSIVE;
				CLANG_WARN_UNREACHABLE_CODE = YES;
				CLANG_WARN__DUPLICATE_METHOD_MATCH = YES;
				COPY_PHASE_STRIP = NO;
				DEBUG_INFORMATION_FORMAT = dwarf;
				ENABLE_STRICT_OBJC_MSGSEND = YES;
				ENABLE_TESTABILITY = YES;
				GCC_C_LANGUAGE_STANDARD = gnu11;
				GCC_DYNAMIC_NO_PIC = NO;
				GCC_NO_COMMON_BLOCKS = YES;
				GCC_OPTIMIZATION_LEVEL = 0;
				GCC_PREPROCESSOR_DEFINITIONS = (
					"DEBUG=1",
					"$(inherited)",
				);
				GCC_WARN_64_TO_32_BIT_CONVERSION = YES;
				GCC_WARN_ABOUT_RETURN_TYPE = YES_ERROR;
				GCC_WARN_UNDECLARED_SELECTOR = YES;
				GCC_WARN_UNINITIALIZED_AUTOS = YES_AGGRESSIVE;
				GCC_WARN_UNUSED_FUNCTION = YES;
				GCC_WARN_UNUSED_VARIABLE = YES;
				IPHONEOS_DEPLOYMENT_TARGET = 16.0;
				MTL_ENABLE_DEBUG_INFO = INCLUDE_SOURCE;
				MTL_FAST_MATH = YES;
				ONLY_ACTIVE_ARCH = YES;
				SDKROOT = iphoneos;
				SWIFT_ACTIVE_COMPILATION_CONDITIONS = DEBUG;
				SWIFT_OPTIMIZATION_LEVEL = "-Onone";
			};
			name = Debug;
		};
		A71FA7B428E85D8900DE27A3 /* Release */ = {
			isa = XCBuildConfiguration;
			buildSettings = {
				ALWAYS_SEARCH_USER_PATHS = NO;
				CLANG_ANALYZER_NONNULL = YES;
				CLANG_ANALYZER_NUMBER_OBJECT_CONVERSION = YES_AGGRESSIVE;
				CLANG_CXX_LANGUAGE_STANDARD = "gnu++20";
				CLANG_ENABLE_MODULES = YES;
				CLANG_ENABLE_OBJC_ARC = YES;
				CLANG_ENABLE_OBJC_WEAK = YES;
				CLANG_WARN_BLOCK_CAPTURE_AUTORELEASING = YES;
				CLANG_WARN_BOOL_CONVERSION = YES;
				CLANG_WARN_COMMA = YES;
				CLANG_WARN_CONSTANT_CONVERSION = YES;
				CLANG_WARN_DEPRECATED_OBJC_IMPLEMENTATIONS = YES;
				CLANG_WARN_DIRECT_OBJC_ISA_USAGE = YES_ERROR;
				CLANG_WARN_DOCUMENTATION_COMMENTS = YES;
				CLANG_WARN_EMPTY_BODY = YES;
				CLANG_WARN_ENUM_CONVERSION = YES;
				CLANG_WARN_INFINITE_RECURSION = YES;
				CLANG_WARN_INT_CONVERSION = YES;
				CLANG_WARN_NON_LITERAL_NULL_CONVERSION = YES;
				CLANG_WARN_OBJC_IMPLICIT_RETAIN_SELF = YES;
				CLANG_WARN_OBJC_LITERAL_CONVERSION = YES;
				CLANG_WARN_OBJC_ROOT_CLASS = YES_ERROR;
				CLANG_WARN_QUOTED_INCLUDE_IN_FRAMEWORK_HEADER = YES;
				CLANG_WARN_RANGE_LOOP_ANALYSIS = YES;
				CLANG_WARN_STRICT_PROTOTYPES = YES;
				CLANG_WARN_SUSPICIOUS_MOVE = YES;
				CLANG_WARN_UNGUARDED_AVAILABILITY = YES_AGGRESSIVE;
				CLANG_WARN_UNREACHABLE_CODE = YES;
				CLANG_WARN__DUPLICATE_METHOD_MATCH = YES;
				COPY_PHASE_STRIP = NO;
				DEBUG_INFORMATION_FORMAT = "dwarf-with-dsym";
				ENABLE_NS_ASSERTIONS = NO;
				ENABLE_STRICT_OBJC_MSGSEND = YES;
				GCC_C_LANGUAGE_STANDARD = gnu11;
				GCC_NO_COMMON_BLOCKS = YES;
				GCC_WARN_64_TO_32_BIT_CONVERSION = YES;
				GCC_WARN_ABOUT_RETURN_TYPE = YES_ERROR;
				GCC_WARN_UNDECLARED_SELECTOR = YES;
				GCC_WARN_UNINITIALIZED_AUTOS = YES_AGGRESSIVE;
				GCC_WARN_UNUSED_FUNCTION = YES;
				GCC_WARN_UNUSED_VARIABLE = YES;
				IPHONEOS_DEPLOYMENT_TARGET = 16.0;
				MTL_ENABLE_DEBUG_INFO = NO;
				MTL_FAST_MATH = YES;
				SDKROOT = iphoneos;
				SWIFT_COMPILATION_MODE = wholemodule;
				SWIFT_OPTIMIZATION_LEVEL = "-O";
				VALIDATE_PRODUCT = YES;
			};
			name = Release;
		};
		A71FA7B628E85D8900DE27A3 /* Debug */ = {
			isa = XCBuildConfiguration;
			buildSettings = {
				ASSETCATALOG_COMPILER_APPICON_NAME = AppIcon;
				ASSETCATALOG_COMPILER_GLOBAL_ACCENT_COLOR_NAME = AccentColor;
				CODE_SIGN_STYLE = Automatic;
				CURRENT_PROJECT_VERSION = 1;
				DEVELOPMENT_ASSET_PATHS = "\"Summer-iOS/Preview Content\"";
				DEVELOPMENT_TEAM = 562Z37RH3N;
				ENABLE_PREVIEWS = YES;
				GENERATE_INFOPLIST_FILE = YES;
				INFOPLIST_KEY_CFBundleDisplayName = "썸머:네컷앨범";
				INFOPLIST_KEY_UIApplicationSceneManifest_Generation = YES;
				INFOPLIST_KEY_UIApplicationSupportsIndirectInputEvents = YES;
				INFOPLIST_KEY_UILaunchScreen_Generation = YES;
				INFOPLIST_KEY_UISupportedInterfaceOrientations_iPad = "UIInterfaceOrientationPortrait UIInterfaceOrientationPortraitUpsideDown UIInterfaceOrientationLandscapeLeft UIInterfaceOrientationLandscapeRight";
				INFOPLIST_KEY_UISupportedInterfaceOrientations_iPhone = "UIInterfaceOrientationPortrait UIInterfaceOrientationLandscapeLeft UIInterfaceOrientationLandscapeRight";
				IPHONEOS_DEPLOYMENT_TARGET = 15.0;
				LD_RUNPATH_SEARCH_PATHS = (
					"$(inherited)",
					"@executable_path/Frameworks",
				);
				MARKETING_VERSION = 1.0;
				PRODUCT_BUNDLE_IDENTIFIER = "com.chanheejeong.Summer-iOS";
				PRODUCT_NAME = "$(TARGET_NAME)";
				SUPPORTED_PLATFORMS = "iphoneos iphonesimulator";
				SUPPORTS_MACCATALYST = NO;
				SUPPORTS_MAC_DESIGNED_FOR_IPHONE_IPAD = NO;
				SWIFT_EMIT_LOC_STRINGS = YES;
				SWIFT_VERSION = 5.0;
				TARGETED_DEVICE_FAMILY = 1;
			};
			name = Debug;
		};
		A71FA7B728E85D8900DE27A3 /* Release */ = {
			isa = XCBuildConfiguration;
			buildSettings = {
				ASSETCATALOG_COMPILER_APPICON_NAME = AppIcon;
				ASSETCATALOG_COMPILER_GLOBAL_ACCENT_COLOR_NAME = AccentColor;
				CODE_SIGN_STYLE = Automatic;
				CURRENT_PROJECT_VERSION = 1;
				DEVELOPMENT_ASSET_PATHS = "\"Summer-iOS/Preview Content\"";
				DEVELOPMENT_TEAM = 562Z37RH3N;
				ENABLE_PREVIEWS = YES;
				GENERATE_INFOPLIST_FILE = YES;
				INFOPLIST_KEY_CFBundleDisplayName = "썸머:네컷앨범";
				INFOPLIST_KEY_UIApplicationSceneManifest_Generation = YES;
				INFOPLIST_KEY_UIApplicationSupportsIndirectInputEvents = YES;
				INFOPLIST_KEY_UILaunchScreen_Generation = YES;
				INFOPLIST_KEY_UISupportedInterfaceOrientations_iPad = "UIInterfaceOrientationPortrait UIInterfaceOrientationPortraitUpsideDown UIInterfaceOrientationLandscapeLeft UIInterfaceOrientationLandscapeRight";
				INFOPLIST_KEY_UISupportedInterfaceOrientations_iPhone = "UIInterfaceOrientationPortrait UIInterfaceOrientationLandscapeLeft UIInterfaceOrientationLandscapeRight";
				IPHONEOS_DEPLOYMENT_TARGET = 15.0;
				LD_RUNPATH_SEARCH_PATHS = (
					"$(inherited)",
					"@executable_path/Frameworks",
				);
				MARKETING_VERSION = 1.0;
				PRODUCT_BUNDLE_IDENTIFIER = "com.chanheejeong.Summer-iOS";
				PRODUCT_NAME = "$(TARGET_NAME)";
				SUPPORTED_PLATFORMS = "iphoneos iphonesimulator";
				SUPPORTS_MACCATALYST = NO;
				SUPPORTS_MAC_DESIGNED_FOR_IPHONE_IPAD = NO;
				SWIFT_EMIT_LOC_STRINGS = YES;
				SWIFT_VERSION = 5.0;
				TARGETED_DEVICE_FAMILY = 1;
			};
			name = Release;
		};
/* End XCBuildConfiguration section */

/* Begin XCConfigurationList section */
		A71FA7A228E85D8800DE27A3 /* Build configuration list for PBXProject "Summer-iOS" */ = {
			isa = XCConfigurationList;
			buildConfigurations = (
				A71FA7B328E85D8900DE27A3 /* Debug */,
				A71FA7B428E85D8900DE27A3 /* Release */,
			);
			defaultConfigurationIsVisible = 0;
			defaultConfigurationName = Release;
		};
		A71FA7B528E85D8900DE27A3 /* Build configuration list for PBXNativeTarget "Summer-iOS" */ = {
			isa = XCConfigurationList;
			buildConfigurations = (
				A71FA7B628E85D8900DE27A3 /* Debug */,
				A71FA7B728E85D8900DE27A3 /* Release */,
			);
			defaultConfigurationIsVisible = 0;
			defaultConfigurationName = Release;
		};
/* End XCConfigurationList section */
	};
	rootObject = A71FA79F28E85D8800DE27A3 /* Project object */;
}
